Microsoft Visual Studio Solution File, Format Version 12.00
# Visual Studio 15
VisualStudioVersion = 15.0.28010.2026
MinimumVisualStudioVersion = 10.0.40219.1
Project("{6989167D-11E4-40FE-8C1A-2192A86A7E90}") = "libglm_wq_aed+", "libglm_wq_aed+.vfproj", "{654D6ADD-1676-4136-918C-3F14C09F29D1}"
	ProjectSection(ProjectDependencies) = postProject
		{D5BA5305-6D24-46A7-B41B-BECC6E6BF233} = {D5BA5305-6D24-46A7-B41B-BECC6E6BF233}
		{D7EDDB2E-DE68-4512-93D5-3E9BC0AF034D} = {D7EDDB2E-DE68-4512-93D5-3E9BC0AF034D}
		{813D3458-242F-4C00-9672-2F82CF39B63C} = {813D3458-242F-4C00-9672-2F82CF39B63C}
		{BABAE57A-9D0A-73CC-BEBE-87002A6CCA5F} = {BABAE57A-9D0A-73CC-BEBE-87002A6CCA5F}
		{71B1A1B7-387A-4D58-8607-F9B24B896995} = {71B1A1B7-387A-4D58-8607-F9B24B896995}
		{DD6B03EA-C505-45F1-AE15-AE29120D3620} = {DD6B03EA-C505-45F1-AE15-AE29120D3620}
	EndProjectSection
EndProject
Project("{8BC9CEB8-8B4A-11D0-8D11-00A0C91BC942}") = "libplugin", "libplugin.vcxproj", "{BABAE57A-9D0A-73CC-BEBE-87002A6CCA5F}"
EndProject
Project("{6989167D-11E4-40FE-8C1A-2192A86A7E90}") = "libaed-water", "..\..\..\libaed-water\win\libaed-water.vfproj", "{71B1A1B7-387A-4D58-8607-F9B24B896995}"
EndProject
Project("{6989167D-11E4-40FE-8C1A-2192A86A7E90}") = "libaed-benthic", "..\..\..\libaed-benthic\win\libaed-benthic.vfproj", "{D5BA5305-6D24-46A7-B41B-BECC6E6BF233}"
	ProjectSection(ProjectDependencies) = postProject
		{71B1A1B7-387A-4D58-8607-F9B24B896995} = {71B1A1B7-387A-4D58-8607-F9B24B896995}
	EndProjectSection
EndProject
Project("{6989167D-11E4-40FE-8C1A-2192A86A7E90}") = "libaed-demo", "..\..\..\libaed-demo\win\libaed-demo.vfproj", "{DD6B03EA-C505-45F1-AE15-AE29120D3620}"
	ProjectSection(ProjectDependencies) = postProject
		{71B1A1B7-387A-4D58-8607-F9B24B896995} = {71B1A1B7-387A-4D58-8607-F9B24B896995}
	EndProjectSection
EndProject
Project("{6989167D-11E4-40FE-8C1A-2192A86A7E90}") = "libaed-riparian", "..\..\..\libaed-riparian\win\libaed-riparian.vfproj", "{813D3458-242F-4C00-9672-2F82CF39B63C}"
	ProjectSection(ProjectDependencies) = postProject
		{71B1A1B7-387A-4D58-8607-F9B24B896995} = {71B1A1B7-387A-4D58-8607-F9B24B896995}
	EndProjectSection
EndProject
Project("{6989167D-11E4-40FE-8C1A-2192A86A7E90}") = "libaed-dev", "..\..\..\libaed-dev\win\libaed-dev.vfproj", "{D7EDDB2E-DE68-4512-93D5-3E9BC0AF034D}"
	ProjectSection(ProjectDependencies) = postProject
		{813D3458-242F-4C00-9672-2F82CF39B63C} = {813D3458-242F-4C00-9672-2F82CF39B63C}
		{71B1A1B7-387A-4D58-8607-F9B24B896995} = {71B1A1B7-387A-4D58-8607-F9B24B896995}
	EndProjectSection
EndProject
Global
	GlobalSection(SolutionConfigurationPlatforms) = preSolution
		Debug|Win32 = Debug|Win32
		Debug|x64 = Debug|x64
		Release|Win32 = Release|Win32
		Release|x64 = Release|x64
	EndGlobalSection
	GlobalSection(ProjectConfigurationPlatforms) = postSolution
		{654D6ADD-1676-4136-918C-3F14C09F29D1}.Debug|Win32.ActiveCfg = Debug|Win32
		{654D6ADD-1676-4136-918C-3F14C09F29D1}.Debug|Win32.Build.0 = Debug|Win32
		{654D6ADD-1676-4136-918C-3F14C09F29D1}.Debug|x64.ActiveCfg = Debug|x64
		{654D6ADD-1676-4136-918C-3F14C09F29D1}.Debug|x64.Build.0 = Debug|x64
		{654D6ADD-1676-4136-918C-3F14C09F29D1}.Release|Win32.ActiveCfg = Release|Win32
		{654D6ADD-1676-4136-918C-3F14C09F29D1}.Release|Win32.Build.0 = Release|Win32
		{654D6ADD-1676-4136-918C-3F14C09F29D1}.Release|x64.ActiveCfg = Release|x64
		{654D6ADD-1676-4136-918C-3F14C09F29D1}.Release|x64.Build.0 = Release|x64
		{BABAE57A-9D0A-73CC-BEBE-87002A6CCA5F}.Debug|Win32.ActiveCfg = Debug|Win32
		{BABAE57A-9D0A-73CC-BEBE-87002A6CCA5F}.Debug|Win32.Build.0 = Debug|Win32
		{BABAE57A-9D0A-73CC-BEBE-87002A6CCA5F}.Debug|x64.ActiveCfg = Debug|x64
		{BABAE57A-9D0A-73CC-BEBE-87002A6CCA5F}.Debug|x64.Build.0 = Debug|x64
		{BABAE57A-9D0A-73CC-BEBE-87002A6CCA5F}.Release|Win32.ActiveCfg = Release|Win32
		{BABAE57A-9D0A-73CC-BEBE-87002A6CCA5F}.Release|Win32.Build.0 = Release|Win32
		{BABAE57A-9D0A-73CC-BEBE-87002A6CCA5F}.Release|x64.ActiveCfg = Release|x64
		{BABAE57A-9D0A-73CC-BEBE-87002A6CCA5F}.Release|x64.Build.0 = Release|x64
		{71B1A1B7-387A-4D58-8607-F9B24B896995}.Debug|Win32.ActiveCfg = Debug|Win32
		{71B1A1B7-387A-4D58-8607-F9B24B896995}.Debug|Win32.Build.0 = Debug|Win32
		{71B1A1B7-387A-4D58-8607-F9B24B896995}.Debug|x64.ActiveCfg = Debug|x64
		{71B1A1B7-387A-4D58-8607-F9B24B896995}.Debug|x64.Build.0 = Debug|x64
		{71B1A1B7-387A-4D58-8607-F9B24B896995}.Release|Win32.ActiveCfg = Release|Win32
		{71B1A1B7-387A-4D58-8607-F9B24B896995}.Release|Win32.Build.0 = Release|Win32
		{71B1A1B7-387A-4D58-8607-F9B24B896995}.Release|x64.ActiveCfg = Release|x64
		{71B1A1B7-387A-4D58-8607-F9B24B896995}.Release|x64.Build.0 = Release|x64
		{D5BA5305-6D24-46A7-B41B-BECC6E6BF233}.Debug|Win32.ActiveCfg = Debug|Win32
		{D5BA5305-6D24-46A7-B41B-BECC6E6BF233}.Debug|Win32.Build.0 = Debug|Win32
		{D5BA5305-6D24-46A7-B41B-BECC6E6BF233}.Debug|x64.ActiveCfg = Debug|x64
		{D5BA5305-6D24-46A7-B41B-BECC6E6BF233}.Debug|x64.Build.0 = Debug|x64
		{D5BA5305-6D24-46A7-B41B-BECC6E6BF233}.Release|Win32.ActiveCfg = Release|Win32
		{D5BA5305-6D24-46A7-B41B-BECC6E6BF233}.Release|Win32.Build.0 = Release|Win32
		{D5BA5305-6D24-46A7-B41B-BECC6E6BF233}.Release|x64.ActiveCfg = Release|x64
		{D5BA5305-6D24-46A7-B41B-BECC6E6BF233}.Release|x64.Build.0 = Release|x64
		{DD6B03EA-C505-45F1-AE15-AE29120D3620}.Debug|Win32.ActiveCfg = Debug|Win32
		{DD6B03EA-C505-45F1-AE15-AE29120D3620}.Debug|Win32.Build.0 = Debug|Win32
		{DD6B03EA-C505-45F1-AE15-AE29120D3620}.Debug|x64.ActiveCfg = Debug|x64
		{DD6B03EA-C505-45F1-AE15-AE29120D3620}.Debug|x64.Build.0 = Debug|x64
		{DD6B03EA-C505-45F1-AE15-AE29120D3620}.Release|Win32.ActiveCfg = Release|Win32
		{DD6B03EA-C505-45F1-AE15-AE29120D3620}.Release|Win32.Build.0 = Release|Win32
		{DD6B03EA-C505-45F1-AE15-AE29120D3620}.Release|x64.ActiveCfg = Release|x64
		{DD6B03EA-C505-45F1-AE15-AE29120D3620}.Release|x64.Build.0 = Release|x64
		{813D3458-242F-4C00-9672-2F82CF39B63C}.Debug|Win32.ActiveCfg = Debug|Win32
		{813D3458-242F-4C00-9672-2F82CF39B63C}.Debug|Win32.Build.0 = Debug|Win32
		{813D3458-242F-4C00-9672-2F82CF39B63C}.Debug|x64.ActiveCfg = Debug|x64
		{813D3458-242F-4C00-9672-2F82CF39B63C}.Debug|x64.Build.0 = Debug|x64
		{813D3458-242F-4C00-9672-2F82CF39B63C}.Release|Win32.ActiveCfg = Release|Win32
		{813D3458-242F-4C00-9672-2F82CF39B63C}.Release|Win32.Build.0 = Release|Win32
		{813D3458-242F-4C00-9672-2F82CF39B63C}.Release|x64.ActiveCfg = Release|x64
		{813D3458-242F-4C00-9672-2F82CF39B63C}.Release|x64.Build.0 = Release|x64
		{D7EDDB2E-DE68-4512-93D5-3E9BC0AF034D}.Debug|Win32.ActiveCfg = Debug|Win32
		{D7EDDB2E-DE68-4512-93D5-3E9BC0AF034D}.Debug|Win32.Build.0 = Debug|Win32
		{D7EDDB2E-DE68-4512-93D5-3E9BC0AF034D}.Debug|x64.ActiveCfg = Debug|x64
		{D7EDDB2E-DE68-4512-93D5-3E9BC0AF034D}.Debug|x64.Build.0 = Debug|x64
		{D7EDDB2E-DE68-4512-93D5-3E9BC0AF034D}.Release|Win32.ActiveCfg = Release|Win32
		{D7EDDB2E-DE68-4512-93D5-3E9BC0AF034D}.Release|Win32.Build.0 = Release|Win32
		{D7EDDB2E-DE68-4512-93D5-3E9BC0AF034D}.Release|x64.ActiveCfg = Release|x64
		{D7EDDB2E-DE68-4512-93D5-3E9BC0AF034D}.Release|x64.Build.0 = Release|x64
	EndGlobalSection
	GlobalSection(SolutionProperties) = preSolution
		HideSolutionNode = FALSE
	EndGlobalSection
	GlobalSection(ExtensibilityGlobals) = postSolution
		SolutionGuid = {4EECC46E-C5CF-41D0-8FD4-4796F144ECFA}
	EndGlobalSection
EndGlobal
