Microsoft Visual Studio Solution File, Format Version 10.00
# Visual Studio 2008
Project("{6989167D-11E4-40FE-8C1A-2192A86A7E90}") = "glm-fabm", "glm-fabm.vfproj", "{078DD61C-C7B7-4728-B574-6C23F753B7A4}"
	ProjectSection(ProjectDependencies) = postProject
		{7D63F885-F1D8-469C-A076-488A23EB592B} = {7D63F885-F1D8-469C-A076-488A23EB592B}
	EndProjectSection
EndProject
Project("{6989167D-11E4-40FE-8C1A-2192A86A7E90}") = "fabm-glm", "..\..\..\fabm-git\compilers\vs2008\fabm-glm.vfproj", "{7D63F885-F1D8-469C-A076-488A23EB592B}"
EndProject
Project("{8BC9CEB8-8B4A-11D0-8D11-00A0C91BC942}") = "glm", "glm.vcproj", "{5CDBCC36-B1AF-4861-84A6-A469B8C10B2B}"
	ProjectSection(ProjectDependencies) = postProject
		{078DD61C-C7B7-4728-B574-6C23F753B7A4} = {078DD61C-C7B7-4728-B574-6C23F753B7A4}
		{8EF4B62A-1CAF-4C2A-AF8F-FBAF3350EA84} = {8EF4B62A-1CAF-4C2A-AF8F-FBAF3350EA84}
		{7D63F885-F1D8-469C-A076-488A23EB592B} = {7D63F885-F1D8-469C-A076-488A23EB592B}
		{C16EC5B0-C713-4564-A4D0-497EE322E68B} = {C16EC5B0-C713-4564-A4D0-497EE322E68B}
	EndProjectSection
EndProject
Project("{8BC9CEB8-8B4A-11D0-8D11-00A0C91BC942}") = "libplot", "..\..\..\libplot\win\vs2008\libplot.vcproj", "{C16EC5B0-C713-4564-A4D0-497EE322E68B}"
EndProject
Project("{8BC9CEB8-8B4A-11D0-8D11-00A0C91BC942}") = "libutil", "..\..\..\libutil\win\vs2008\libutil.vcproj", "{8EF4B62A-1CAF-4C2A-AF8F-FBAF3350EA84}"
EndProject
Global
	GlobalSection(SolutionConfigurationPlatforms) = preSolution
		Debug|Win32 = Debug|Win32
		Debug|x64 = Debug|x64
		Release|Win32 = Release|Win32
		Release|x64 = Release|x64
	EndGlobalSection
	GlobalSection(ProjectConfigurationPlatforms) = postSolution
		{078DD61C-C7B7-4728-B574-6C23F753B7A4}.Debug|Win32.ActiveCfg = Debug|Win32
		{078DD61C-C7B7-4728-B574-6C23F753B7A4}.Debug|Win32.Build.0 = Debug|Win32
		{078DD61C-C7B7-4728-B574-6C23F753B7A4}.Debug|x64.ActiveCfg = Debug|x64
		{078DD61C-C7B7-4728-B574-6C23F753B7A4}.Debug|x64.Build.0 = Debug|x64
		{078DD61C-C7B7-4728-B574-6C23F753B7A4}.Release|Win32.ActiveCfg = Release|Win32
		{078DD61C-C7B7-4728-B574-6C23F753B7A4}.Release|Win32.Build.0 = Release|Win32
		{078DD61C-C7B7-4728-B574-6C23F753B7A4}.Release|x64.ActiveCfg = Release|x64
		{078DD61C-C7B7-4728-B574-6C23F753B7A4}.Release|x64.Build.0 = Release|x64
		{7D63F885-F1D8-469C-A076-488A23EB592B}.Debug|Win32.ActiveCfg = Debug|Win32
		{7D63F885-F1D8-469C-A076-488A23EB592B}.Debug|Win32.Build.0 = Debug|Win32
		{7D63F885-F1D8-469C-A076-488A23EB592B}.Debug|x64.ActiveCfg = Debug|x64
		{7D63F885-F1D8-469C-A076-488A23EB592B}.Debug|x64.Build.0 = Debug|x64
		{7D63F885-F1D8-469C-A076-488A23EB592B}.Release|Win32.ActiveCfg = Release|Win32
		{7D63F885-F1D8-469C-A076-488A23EB592B}.Release|Win32.Build.0 = Release|Win32
		{7D63F885-F1D8-469C-A076-488A23EB592B}.Release|x64.ActiveCfg = Release|x64
		{7D63F885-F1D8-469C-A076-488A23EB592B}.Release|x64.Build.0 = Release|x64
		{5CDBCC36-B1AF-4861-84A6-A469B8C10B2B}.Debug|Win32.ActiveCfg = Debug|Win32
		{5CDBCC36-B1AF-4861-84A6-A469B8C10B2B}.Debug|Win32.Build.0 = Debug|Win32
		{5CDBCC36-B1AF-4861-84A6-A469B8C10B2B}.Debug|x64.ActiveCfg = Debug|x64
		{5CDBCC36-B1AF-4861-84A6-A469B8C10B2B}.Debug|x64.Build.0 = Debug|x64
		{5CDBCC36-B1AF-4861-84A6-A469B8C10B2B}.Release|Win32.ActiveCfg = Release|Win32
		{5CDBCC36-B1AF-4861-84A6-A469B8C10B2B}.Release|Win32.Build.0 = Release|Win32
		{5CDBCC36-B1AF-4861-84A6-A469B8C10B2B}.Release|x64.ActiveCfg = Release|x64
		{5CDBCC36-B1AF-4861-84A6-A469B8C10B2B}.Release|x64.Build.0 = Release|x64
		{C16EC5B0-C713-4564-A4D0-497EE322E68B}.Debug|Win32.ActiveCfg = Debug|Win32
		{C16EC5B0-C713-4564-A4D0-497EE322E68B}.Debug|Win32.Build.0 = Debug|Win32
		{C16EC5B0-C713-4564-A4D0-497EE322E68B}.Debug|x64.ActiveCfg = Debug|x64
		{C16EC5B0-C713-4564-A4D0-497EE322E68B}.Debug|x64.Build.0 = Debug|x64
		{C16EC5B0-C713-4564-A4D0-497EE322E68B}.Release|Win32.ActiveCfg = Release|Win32
		{C16EC5B0-C713-4564-A4D0-497EE322E68B}.Release|Win32.Build.0 = Release|Win32
		{C16EC5B0-C713-4564-A4D0-497EE322E68B}.Release|x64.ActiveCfg = Release|x64
		{C16EC5B0-C713-4564-A4D0-497EE322E68B}.Release|x64.Build.0 = Release|x64
		{8EF4B62A-1CAF-4C2A-AF8F-FBAF3350EA84}.Debug|Win32.ActiveCfg = Debug|Win32
		{8EF4B62A-1CAF-4C2A-AF8F-FBAF3350EA84}.Debug|Win32.Build.0 = Debug|Win32
		{8EF4B62A-1CAF-4C2A-AF8F-FBAF3350EA84}.Debug|x64.ActiveCfg = Debug|x64
		{8EF4B62A-1CAF-4C2A-AF8F-FBAF3350EA84}.Debug|x64.Build.0 = Debug|x64
		{8EF4B62A-1CAF-4C2A-AF8F-FBAF3350EA84}.Release|Win32.ActiveCfg = Release|Win32
		{8EF4B62A-1CAF-4C2A-AF8F-FBAF3350EA84}.Release|Win32.Build.0 = Release|Win32
		{8EF4B62A-1CAF-4C2A-AF8F-FBAF3350EA84}.Release|x64.ActiveCfg = Release|x64
		{8EF4B62A-1CAF-4C2A-AF8F-FBAF3350EA84}.Release|x64.Build.0 = Release|x64
	EndGlobalSection
	GlobalSection(SolutionProperties) = preSolution
		HideSolutionNode = FALSE
	EndGlobalSection
EndGlobal
